// !$*UTF8*$!
{
	archiveVersion = 1;
	classes = {
	};
	objectVersion = 56;
	objects = {

/* Begin PBXBuildFile section */
		A80B815F2B0A401D00AA3D6F /* AppDelegate.swift in Sources */ = {isa = PBXBuildFile; fileRef = A80B815E2B0A401D00AA3D6F /* AppDelegate.swift */; };
		A80B81612B0A401D00AA3D6F /* SceneDelegate.swift in Sources */ = {isa = PBXBuildFile; fileRef = A80B81602B0A401D00AA3D6F /* SceneDelegate.swift */; };
		A80B81632B0A401D00AA3D6F /* ClockViewController.swift in Sources */ = {isa = PBXBuildFile; fileRef = A80B81622B0A401D00AA3D6F /* ClockViewController.swift */; };
		A80B81662B0A401D00AA3D6F /* Main.storyboard in Resources */ = {isa = PBXBuildFile; fileRef = A80B81642B0A401D00AA3D6F /* Main.storyboard */; };
		A80B81682B0A401F00AA3D6F /* Assets.xcassets in Resources */ = {isa = PBXBuildFile; fileRef = A80B81672B0A401F00AA3D6F /* Assets.xcassets */; };
		A80B816B2B0A401F00AA3D6F /* LaunchScreen.storyboard in Resources */ = {isa = PBXBuildFile; fileRef = A80B81692B0A401F00AA3D6F /* LaunchScreen.storyboard */; };
		A80B81772B0A40ED00AA3D6F /* Clock.swift in Sources */ = {isa = PBXBuildFile; fileRef = A80B81762B0A40ED00AA3D6F /* Clock.swift */; };
		A80B81792B0A40FB00AA3D6F /* ClockViewModel.swift in Sources */ = {isa = PBXBuildFile; fileRef = A80B81782B0A40FB00AA3D6F /* ClockViewModel.swift */; };
/* End PBXBuildFile section */

/* Begin PBXFileReference section */
		A80B815B2B0A401D00AA3D6F /* Data Binding Practice.app */ = {isa = PBXFileReference; explicitFileType = wrapper.application; includeInIndex = 0; path = "Data Binding Practice.app"; sourceTree = BUILT_PRODUCTS_DIR; };
		A80B815E2B0A401D00AA3D6F /* AppDelegate.swift */ = {isa = PBXFileReference; lastKnownFileType = sourcecode.swift; path = AppDelegate.swift; sourceTree = "<group>"; };
		A80B81602B0A401D00AA3D6F /* SceneDelegate.swift */ = {isa = PBXFileReference; lastKnownFileType = sourcecode.swift; path = SceneDelegate.swift; sourceTree = "<group>"; };
		A80B81622B0A401D00AA3D6F /* ClockViewController.swift */ = {isa = PBXFileReference; lastKnownFileType = sourcecode.swift; path = ClockViewController.swift; sourceTree = "<group>"; };
		A80B81652B0A401D00AA3D6F /* Base */ = {isa = PBXFileReference; lastKnownFileType = file.storyboard; name = Base; path = Base.lproj/Main.storyboard; sourceTree = "<group>"; };
		A80B81672B0A401F00AA3D6F /* Assets.xcassets */ = {isa = PBXFileReference; lastKnownFileType = folder.assetcatalog; path = Assets.xcassets; sourceTree = "<group>"; };
		A80B816A2B0A401F00AA3D6F /* Base */ = {isa = PBXFileReference; lastKnownFileType = file.storyboard; name = Base; path = Base.lproj/LaunchScreen.storyboard; sourceTree = "<group>"; };
		A80B816C2B0A401F00AA3D6F /* Info.plist */ = {isa = PBXFileReference; lastKnownFileType = text.plist.xml; path = Info.plist; sourceTree = "<group>"; };
		A80B81762B0A40ED00AA3D6F /* Clock.swift */ = {isa = PBXFileReference; lastKnownFileType = sourcecode.swift; path = Clock.swift; sourceTree = "<group>"; };
		A80B81782B0A40FB00AA3D6F /* ClockViewModel.swift */ = {isa = PBXFileReference; lastKnownFileType = sourcecode.swift; path = ClockViewModel.swift; sourceTree = "<group>"; };
/* End PBXFileReference section */

/* Begin PBXFrameworksBuildPhase section */
		A80B81582B0A401D00AA3D6F /* Frameworks */ = {
			isa = PBXFrameworksBuildPhase;
			buildActionMask = 2147483647;
			files = (
			);
			runOnlyForDeploymentPostprocessing = 0;
		};
/* End PBXFrameworksBuildPhase section */

/* Begin PBXGroup section */
		A80B81522B0A401D00AA3D6F = {
			isa = PBXGroup;
			children = (
				A80B815D2B0A401D00AA3D6F /* Data Binding Practice */,
				A80B815C2B0A401D00AA3D6F /* Products */,
			);
			sourceTree = "<group>";
		};
		A80B815C2B0A401D00AA3D6F /* Products */ = {
			isa = PBXGroup;
			children = (
				A80B815B2B0A401D00AA3D6F /* Data Binding Practice.app */,
			);
			name = Products;
			sourceTree = "<group>";
		};
		A80B815D2B0A401D00AA3D6F /* Data Binding Practice */ = {
			isa = PBXGroup;
			children = (
				A80B81742B0A40C800AA3D6F /* Models */,
				A80B81732B0A40C100AA3D6F /* ViewModels */,
				A80B81752B0A40D800AA3D6F /* Controllers */,
				A80B81722B0A40B200AA3D6F /* Views */,
				A80B815E2B0A401D00AA3D6F /* AppDelegate.swift */,
				A80B81602B0A401D00AA3D6F /* SceneDelegate.swift */,
				A80B81672B0A401F00AA3D6F /* Assets.xcassets */,
				A80B81692B0A401F00AA3D6F /* LaunchScreen.storyboard */,
				A80B816C2B0A401F00AA3D6F /* Info.plist */,
			);
			path = "Data Binding Practice";
			sourceTree = "<group>";
		};
		A80B81722B0A40B200AA3D6F /* Views */ = {
			isa = PBXGroup;
			children = (
				A80B81642B0A401D00AA3D6F /* Main.storyboard */,
			);
			path = Views;
			sourceTree = "<group>";
		};
		A80B81732B0A40C100AA3D6F /* ViewModels */ = {
			isa = PBXGroup;
			children = (
				A80B81782B0A40FB00AA3D6F /* ClockViewModel.swift */,
			);
			path = ViewModels;
			sourceTree = "<group>";
		};
		A80B81742B0A40C800AA3D6F /* Models */ = {
			isa = PBXGroup;
			children = (
				A80B81762B0A40ED00AA3D6F /* Clock.swift */,
			);
			path = Models;
			sourceTree = "<group>";
		};
		A80B81752B0A40D800AA3D6F /* Controllers */ = {
			isa = PBXGroup;
			children = (
				A80B81622B0A401D00AA3D6F /* ClockViewController.swift */,
			);
			path = Controllers;
			sourceTree = "<group>";
		};
/* End PBXGroup section */

/* Begin PBXNativeTarget section */
		A80B815A2B0A401D00AA3D6F /* Data Binding Practice */ = {
			isa = PBXNativeTarget;
			buildConfigurationList = A80B816F2B0A401F00AA3D6F /* Build configuration list for PBXNativeTarget "Data Binding Practice" */;
			buildPhases = (
				A80B81572B0A401D00AA3D6F /* Sources */,
				A80B81582B0A401D00AA3D6F /* Frameworks */,
				A80B81592B0A401D00AA3D6F /* Resources */,
			);
			buildRules = (
			);
			dependencies = (
			);
			name = "Data Binding Practice";
			productName = "Data Binding Practice";
			productReference = A80B815B2B0A401D00AA3D6F /* Data Binding Practice.app */;
			productType = "com.apple.product-type.application";
		};
/* End PBXNativeTarget section */

/* Begin PBXProject section */
		A80B81532B0A401D00AA3D6F /* Project object */ = {
			isa = PBXProject;
			attributes = {
				BuildIndependentTargetsInParallel = 1;
				LastSwiftUpdateCheck = 1500;
				LastUpgradeCheck = 1500;
				TargetAttributes = {
					A80B815A2B0A401D00AA3D6F = {
						CreatedOnToolsVersion = 15.0.1;
					};
				};
			};
			buildConfigurationList = A80B81562B0A401D00AA3D6F /* Build configuration list for PBXProject "Data Binding Practice" */;
			compatibilityVersion = "Xcode 14.0";
			developmentRegion = en;
			hasScannedForEncodings = 0;
			knownRegions = (
				en,
				Base,
			);
			mainGroup = A80B81522B0A401D00AA3D6F;
			productRefGroup = A80B815C2B0A401D00AA3D6F /* Products */;
			projectDirPath = "";
			projectRoot = "";
			targets = (
				A80B815A2B0A401D00AA3D6F /* Data Binding Practice */,
			);
		};
/* End PBXProject section */

/* Begin PBXResourcesBuildPhase section */
		A80B81592B0A401D00AA3D6F /* Resources */ = {
			isa = PBXResourcesBuildPhase;
			buildActionMask = 2147483647;
			files = (
				A80B816B2B0A401F00AA3D6F /* LaunchScreen.storyboard in Resources */,
				A80B81682B0A401F00AA3D6F /* Assets.xcassets in Resources */,
				A80B81662B0A401D00AA3D6F /* Main.storyboard in Resources */,
			);
			runOnlyForDeploymentPostprocessing = 0;
		};
/* End PBXResourcesBuildPhase section */

/* Begin PBXSourcesBuildPhase section */
		A80B81572B0A401D00AA3D6F /* Sources */ = {
			isa = PBXSourcesBuildPhase;
			buildActionMask = 2147483647;
			files = (
				A80B81632B0A401D00AA3D6F /* ClockViewController.swift in Sources */,
				A80B815F2B0A401D00AA3D6F /* AppDelegate.swift in Sources */,
				A80B81772B0A40ED00AA3D6F /* Clock.swift in Sources */,
				A80B81612B0A401D00AA3D6F /* SceneDelegate.swift in Sources */,
				A80B81792B0A40FB00AA3D6F /* ClockViewModel.swift in Sources */,
			);
			runOnlyForDeploymentPostprocessing = 0;
		};
/* End PBXSourcesBuildPhase section */

/* Begin PBXVariantGroup section */
		A80B81642B0A401D00AA3D6F /* Main.storyboard */ = {
			isa = PBXVariantGroup;
			children = (
				A80B81652B0A401D00AA3D6F /* Base */,
			);
			name = Main.storyboard;
			sourceTree = "<group>";
		};
		A80B81692B0A401F00AA3D6F /* LaunchScreen.storyboard */ = {
			isa = PBXVariantGroup;
			children = (
				A80B816A2B0A401F00AA3D6F /* Base */,
			);
			name = LaunchScreen.storyboard;
			sourceTree = "<group>";
		};
/* End PBXVariantGroup section */

/* Begin XCBuildConfiguration section */
		A80B816D2B0A401F00AA3D6F /* Debug */ = {
			isa = XCBuildConfiguration;
			buildSettings = {
				ALWAYS_SEARCH_USER_PATHS = NO;
				ASSETCATALOG_COMPILER_GENERATE_SWIFT_ASSET_SYMBOL_EXTENSIONS = YES;
				CLANG_ANALYZER_NONNULL = YES;
				CLANG_ANALYZER_NUMBER_OBJECT_CONVERSION = YES_AGGRESSIVE;
				CLANG_CXX_LANGUAGE_STANDARD = "gnu++20";
				CLANG_ENABLE_MODULES = YES;
				CLANG_ENABLE_OBJC_ARC = YES;
				CLANG_ENABLE_OBJC_WEAK = YES;
				CLANG_WARN_BLOCK_CAPTURE_AUTORELEASING = YES;
				CLANG_WARN_BOOL_CONVERSION = YES;
				CLANG_WARN_COMMA = YES;
				CLANG_WARN_CONSTANT_CONVERSION = YES;
				CLANG_WARN_DEPRECATED_OBJC_IMPLEMENTATIONS = YES;
				CLANG_WARN_DIRECT_OBJC_ISA_USAGE = YES_ERROR;
				CLANG_WARN_DOCUMENTATION_COMMENTS = YES;
				CLANG_WARN_EMPTY_BODY = YES;
				CLANG_WARN_ENUM_CONVERSION = YES;
				CLANG_WARN_INFINITE_RECURSION = YES;
				CLANG_WARN_INT_CONVERSION = YES;
				CLANG_WARN_NON_LITERAL_NULL_CONVERSION = YES;
				CLANG_WARN_OBJC_IMPLICIT_RETAIN_SELF = YES;
				CLANG_WARN_OBJC_LITERAL_CONVERSION = YES;
				CLANG_WARN_OBJC_ROOT_CLASS = YES_ERROR;
				CLANG_WARN_QUOTED_INCLUDE_IN_FRAMEWORK_HEADER = YES;
				CLANG_WARN_RANGE_LOOP_ANALYSIS = YES;
				CLANG_WARN_STRICT_PROTOTYPES = YES;
				CLANG_WARN_SUSPICIOUS_MOVE = YES;
				CLANG_WARN_UNGUARDED_AVAILABILITY = YES_AGGRESSIVE;
				CLANG_WARN_UNREACHABLE_CODE = YES;
				CLANG_WARN__DUPLICATE_METHOD_MATCH = YES;
				COPY_PHASE_STRIP = NO;
				DEBUG_INFORMATION_FORMAT = dwarf;
				ENABLE_STRICT_OBJC_MSGSEND = YES;
				ENABLE_TESTABILITY = YES;
				ENABLE_USER_SCRIPT_SANDBOXING = YES;
				GCC_C_LANGUAGE_STANDARD = gnu17;
				GCC_DYNAMIC_NO_PIC = NO;
				GCC_NO_COMMON_BLOCKS = YES;
				GCC_OPTIMIZATION_LEVEL = 0;
				GCC_PREPROCESSOR_DEFINITIONS = (
					"DEBUG=1",
					"$(inherited)",
				);
				GCC_WARN_64_TO_32_BIT_CONVERSION = YES;
				GCC_WARN_ABOUT_RETURN_TYPE = YES_ERROR;
				GCC_WARN_UNDECLARED_SELECTOR = YES;
				GCC_WARN_UNINITIALIZED_AUTOS = YES_AGGRESSIVE;
				GCC_WARN_UNUSED_FUNCTION = YES;
				GCC_WARN_UNUSED_VARIABLE = YES;
				IPHONEOS_DEPLOYMENT_TARGET = 17.0;
				LOCALIZATION_PREFERS_STRING_CATALOGS = YES;
				MTL_ENABLE_DEBUG_INFO = INCLUDE_SOURCE;
				MTL_FAST_MATH = YES;
				ONLY_ACTIVE_ARCH = YES;
				SDKROOT = iphoneos;
				SWIFT_ACTIVE_COMPILATION_CONDITIONS = "DEBUG $(inherited)";
				SWIFT_OPTIMIZATION_LEVEL = "-Onone";
			};
			name = Debug;
		};
		A80B816E2B0A401F00AA3D6F /* Release */ = {
			isa = XCBuildConfiguration;
			buildSettings = {
				ALWAYS_SEARCH_USER_PATHS = NO;
				ASSETCATALOG_COMPILER_GENERATE_SWIFT_ASSET_SYMBOL_EXTENSIONS = YES;
				CLANG_ANALYZER_NONNULL = YES;
				CLANG_ANALYZER_NUMBER_OBJECT_CONVERSION = YES_AGGRESSIVE;
				CLANG_CXX_LANGUAGE_STANDARD = "gnu++20";
				CLANG_ENABLE_MODULES = YES;
				CLANG_ENABLE_OBJC_ARC = YES;
				CLANG_ENABLE_OBJC_WEAK = YES;
				CLANG_WARN_BLOCK_CAPTURE_AUTORELEASING = YES;
				CLANG_WARN_BOOL_CONVERSION = YES;
				CLANG_WARN_COMMA = YES;
				CLANG_WARN_CONSTANT_CONVERSION = YES;
				CLANG_WARN_DEPRECATED_OBJC_IMPLEMENTATIONS = YES;
				CLANG_WARN_DIRECT_OBJC_ISA_USAGE = YES_ERROR;
				CLANG_WARN_DOCUMENTATION_COMMENTS = YES;
				CLANG_WARN_EMPTY_BODY = YES;
				CLANG_WARN_ENUM_CONVERSION = YES;
				CLANG_WARN_INFINITE_RECURSION = YES;
				CLANG_WARN_INT_CONVERSION = YES;
				CLANG_WARN_NON_LITERAL_NULL_CONVERSION = YES;
				CLANG_WARN_OBJC_IMPLICIT_RETAIN_SELF = YES;
				CLANG_WARN_OBJC_LITERAL_CONVERSION = YES;
				CLANG_WARN_OBJC_ROOT_CLASS = YES_ERROR;
				CLANG_WARN_QUOTED_INCLUDE_IN_FRAMEWORK_HEADER = YES;
				CLANG_WARN_RANGE_LOOP_ANALYSIS = YES;
				CLANG_WARN_STRICT_PROTOTYPES = YES;
				CLANG_WARN_SUSPICIOUS_MOVE = YES;
				CLANG_WARN_UNGUARDED_AVAILABILITY = YES_AGGRESSIVE;
				CLANG_WARN_UNREACHABLE_CODE = YES;
				CLANG_WARN__DUPLICATE_METHOD_MATCH = YES;
				COPY_PHASE_STRIP = NO;
				DEBUG_INFORMATION_FORMAT = "dwarf-with-dsym";
				ENABLE_NS_ASSERTIONS = NO;
				ENABLE_STRICT_OBJC_MSGSEND = YES;
				ENABLE_USER_SCRIPT_SANDBOXING = YES;
				GCC_C_LANGUAGE_STANDARD = gnu17;
				GCC_NO_COMMON_BLOCKS = YES;
				GCC_WARN_64_TO_32_BIT_CONVERSION = YES;
				GCC_WARN_ABOUT_RETURN_TYPE = YES_ERROR;
				GCC_WARN_UNDECLARED_SELECTOR = YES;
				GCC_WARN_UNINITIALIZED_AUTOS = YES_AGGRESSIVE;
				GCC_WARN_UNUSED_FUNCTION = YES;
				GCC_WARN_UNUSED_VARIABLE = YES;
				IPHONEOS_DEPLOYMENT_TARGET = 17.0;
				LOCALIZATION_PREFERS_STRING_CATALOGS = YES;
				MTL_ENABLE_DEBUG_INFO = NO;
				MTL_FAST_MATH = YES;
				SDKROOT = iphoneos;
				SWIFT_COMPILATION_MODE = wholemodule;
				VALIDATE_PRODUCT = YES;
			};
			name = Release;
		};
		A80B81702B0A401F00AA3D6F /* Debug */ = {
			isa = XCBuildConfiguration;
			buildSettings = {
				ASSETCATALOG_COMPILER_APPICON_NAME = AppIcon;
				ASSETCATALOG_COMPILER_GLOBAL_ACCENT_COLOR_NAME = AccentColor;
				CODE_SIGN_STYLE = Automatic;
				CURRENT_PROJECT_VERSION = 1;
				DEVELOPMENT_TEAM = MMM58CZBQF;
				GENERATE_INFOPLIST_FILE = YES;
				INFOPLIST_FILE = "Data Binding Practice/Info.plist";
				INFOPLIST_KEY_UIApplicationSupportsIndirectInputEvents = YES;
				INFOPLIST_KEY_UILaunchStoryboardName = LaunchScreen;
				INFOPLIST_KEY_UIMainStoryboardFile = Main;
				INFOPLIST_KEY_UISupportedInterfaceOrientations_iPad = "UIInterfaceOrientationPortrait UIInterfaceOrientationPortraitUpsideDown UIInterfaceOrientationLandscapeLeft UIInterfaceOrientationLandscapeRight";
				INFOPLIST_KEY_UISupportedInterfaceOrientations_iPhone = "UIInterfaceOrientationPortrait UIInterfaceOrientationLandscapeLeft UIInterfaceOrientationLandscapeRight";
				LD_RUNPATH_SEARCH_PATHS = (
					"$(inherited)",
					"@executable_path/Frameworks",
				);
				MARKETING_VERSION = 1.0;
				PRODUCT_BUNDLE_IDENTIFIER = "com.yeonghyeon.Data-Binding-Practice";
				PRODUCT_NAME = "$(TARGET_NAME)";
				SWIFT_EMIT_LOC_STRINGS = YES;
				SWIFT_VERSION = 5.0;
				TARGETED_DEVICE_FAMILY = "1,2";
			};
			name = Debug;
		};
		A80B81712B0A401F00AA3D6F /* Release */ = {
			isa = XCBuildConfiguration;
			buildSettings = {
				ASSETCATALOG_COMPILER_APPICON_NAME = AppIcon;
				ASSETCATALOG_COMPILER_GLOBAL_ACCENT_COLOR_NAME = AccentColor;
				CODE_SIGN_STYLE = Automatic;
				CURRENT_PROJECT_VERSION = 1;
				DEVELOPMENT_TEAM = MMM58CZBQF;
				GENERATE_INFOPLIST_FILE = YES;
				INFOPLIST_FILE = "Data Binding Practice/Info.plist";
				INFOPLIST_KEY_UIApplicationSupportsIndirectInputEvents = YES;
				INFOPLIST_KEY_UILaunchStoryboardName = LaunchScreen;
				INFOPLIST_KEY_UIMainStoryboardFile = Main;
				INFOPLIST_KEY_UISupportedInterfaceOrientations_iPad = "UIInterfaceOrientationPortrait UIInterfaceOrientationPortraitUpsideDown UIInterfaceOrientationLandscapeLeft UIInterfaceOrientationLandscapeRight";
				INFOPLIST_KEY_UISupportedInterfaceOrientations_iPhone = "UIInterfaceOrientationPortrait UIInterfaceOrientationLandscapeLeft UIInterfaceOrientationLandscapeRight";
				LD_RUNPATH_SEARCH_PATHS = (
					"$(inherited)",
					"@executable_path/Frameworks",
				);
				MARKETING_VERSION = 1.0;
				PRODUCT_BUNDLE_IDENTIFIER = "com.yeonghyeon.Data-Binding-Practice";
				PRODUCT_NAME = "$(TARGET_NAME)";
				SWIFT_EMIT_LOC_STRINGS = YES;
				SWIFT_VERSION = 5.0;
				TARGETED_DEVICE_FAMILY = "1,2";
			};
			name = Release;
		};
/* End XCBuildConfiguration section */

/* Begin XCConfigurationList section */
		A80B81562B0A401D00AA3D6F /* Build configuration list for PBXProject "Data Binding Practice" */ = {
			isa = XCConfigurationList;
			buildConfigurations = (
				A80B816D2B0A401F00AA3D6F /* Debug */,
				A80B816E2B0A401F00AA3D6F /* Release */,
			);
			defaultConfigurationIsVisible = 0;
			defaultConfigurationName = Release;
		};
		A80B816F2B0A401F00AA3D6F /* Build configuration list for PBXNativeTarget "Data Binding Practice" */ = {
			isa = XCConfigurationList;
			buildConfigurations = (
				A80B81702B0A401F00AA3D6F /* Debug */,
				A80B81712B0A401F00AA3D6F /* Release */,
			);
			defaultConfigurationIsVisible = 0;
			defaultConfigurationName = Release;
		};
/* End XCConfigurationList section */
	};
	rootObject = A80B81532B0A401D00AA3D6F /* Project object */;
}
